
Microsoft Visual Studio Solution File, Format Version 12.00
# Visual Studio Version 17
VisualStudioVersion = 17.14.36414.22 d17.14
MinimumVisualStudioVersion = 10.0.40219.1
Project("{FAE04EC0-301F-11D3-BF4B-00C04F79EFBC}") = "ConsoleApp2", "ConsoleApp2\ConsoleApp2.csproj", "{E7570EDC-50A6-4270-8B7B-DE7ED89D093B}"
EndProject
Global
	GlobalSection(SolutionConfigurationPlatforms) = preSolution
		Debug|Any CPU = Debug|Any CPU
		Release|Any CPU = Release|Any CPU
	EndGlobalSection
	GlobalSection(ProjectConfigurationPlatforms) = postSolution
		{E7570EDC-50A6-4270-8B7B-DE7ED89D093B}.Debug|Any CPU.ActiveCfg = Debug|Any CPU
		{E7570EDC-50A6-4270-8B7B-DE7ED89D093B}.Debug|Any CPU.Build.0 = Debug|Any CPU
		{E7570EDC-50A6-4270-8B7B-DE7ED89D093B}.Release|Any CPU.ActiveCfg = Release|Any CPU
		{E7570EDC-50A6-4270-8B7B-DE7ED89D093B}.Release|Any CPU.Build.0 = Release|Any CPU
	EndGlobalSection
	GlobalSection(SolutionProperties) = preSolution
		HideSolutionNode = FALSE
	EndGlobalSection
	GlobalSection(ExtensibilityGlobals) = postSolution
		SolutionGuid = {0FED241A-E077-4D0A-973C-A562DB946A62}
	EndGlobalSection
EndGlobal
